
Microsoft Visual Studio Solution File, Format Version 12.00
# Visual Studio Version 16
VisualStudioVersion = 16.0.31129.286
MinimumVisualStudioVersion = 10.0.40219.1
Project("{FAE04EC0-301F-11D3-BF4B-00C04F79EFBC}") = "Savas.Desktop", "Savas.Desktop\Savas.Desktop.csproj", "{02370B1E-F2AC-4FAF-85AB-F6F8167F0B36}"
EndProject
Project("{FAE04EC0-301F-11D3-BF4B-00C04F79EFBC}") = "Savas.Library", "Savas.Library\Savas.Library.csproj", "{91821C3F-686C-4BD7-A480-B7E641934E85}"
EndProject
Global
	GlobalSection(SolutionConfigurationPlatforms) = preSolution
		Debug|Any CPU = Debug|Any CPU
		Release|Any CPU = Release|Any CPU
	EndGlobalSection
	GlobalSection(ProjectConfigurationPlatforms) = postSolution
		{02370B1E-F2AC-4FAF-85AB-F6F8167F0B36}.Debug|Any CPU.ActiveCfg = Debug|Any CPU
		{02370B1E-F2AC-4FAF-85AB-F6F8167F0B36}.Debug|Any CPU.Build.0 = Debug|Any CPU
		{02370B1E-F2AC-4FAF-85AB-F6F8167F0B36}.Release|Any CPU.ActiveCfg = Release|Any CPU
		{02370B1E-F2AC-4FAF-85AB-F6F8167F0B36}.Release|Any CPU.Build.0 = Release|Any CPU
		{91821C3F-686C-4BD7-A480-B7E641934E85}.Debug|Any CPU.ActiveCfg = Debug|Any CPU
		{91821C3F-686C-4BD7-A480-B7E641934E85}.Debug|Any CPU.Build.0 = Debug|Any CPU
		{91821C3F-686C-4BD7-A480-B7E641934E85}.Release|Any CPU.ActiveCfg = Release|Any CPU
		{91821C3F-686C-4BD7-A480-B7E641934E85}.Release|Any CPU.Build.0 = Release|Any CPU
	EndGlobalSection
	GlobalSection(SolutionProperties) = preSolution
		HideSolutionNode = FALSE
	EndGlobalSection
	GlobalSection(ExtensibilityGlobals) = postSolution
		SolutionGuid = {5192BAF1-5C7D-485B-8BC9-B67E685FBB0E}
	EndGlobalSection
EndGlobal
